
Microsoft Visual Studio Solution File, Format Version 12.00
# Visual Studio Version 16
VisualStudioVersion = 16.0.30014.187
MinimumVisualStudioVersion = 10.0.40219.1
Project("{FAE04EC0-301F-11D3-BF4B-00C04F79EFBC}") = "PokeApiCore", "PokeApiCore\PokeApiCore.csproj", "{29CD82ED-7853-43D5-BA59-6FACBFE6A55F}"
EndProject
Global
	GlobalSection(SolutionConfigurationPlatforms) = preSolution
		Debug|Any CPU = Debug|Any CPU
		Release|Any CPU = Release|Any CPU
	EndGlobalSection
	GlobalSection(ProjectConfigurationPlatforms) = postSolution
		{29CD82ED-7853-43D5-BA59-6FACBFE6A55F}.Debug|Any CPU.ActiveCfg = Debug|Any CPU
		{29CD82ED-7853-43D5-BA59-6FACBFE6A55F}.Debug|Any CPU.Build.0 = Debug|Any CPU
		{29CD82ED-7853-43D5-BA59-6FACBFE6A55F}.Release|Any CPU.ActiveCfg = Release|Any CPU
		{29CD82ED-7853-43D5-BA59-6FACBFE6A55F}.Release|Any CPU.Build.0 = Release|Any CPU
	EndGlobalSection
	GlobalSection(SolutionProperties) = preSolution
		HideSolutionNode = FALSE
	EndGlobalSection
	GlobalSection(ExtensibilityGlobals) = postSolution
		SolutionGuid = {AE641E1C-D6BA-47FB-8431-E73559100415}
	EndGlobalSection
EndGlobal
